
Microsoft Visual Studio Solution File, Format Version 12.00
# Visual Studio 2012
Project("{FAE04EC0-301F-11D3-BF4B-00C04F79EFBC}") = "SwaggerJacker.Web", "SwaggerJacker.Web\SwaggerJacker.Web.csproj", "{EAD5B4B7-B3FD-4863-94E0-5AFD16A96583}"
EndProject
Project("{FAE04EC0-301F-11D3-BF4B-00C04F79EFBC}") = "SwaggerJacker.Tests", "SwaggerJacker.Tests\SwaggerJacker.Tests.csproj", "{5691EE6C-51F4-47DA-9D9B-FBB053A28F63}"
EndProject
Global
	GlobalSection(SolutionConfigurationPlatforms) = preSolution
		Debug|Any CPU = Debug|Any CPU
		Release|Any CPU = Release|Any CPU
	EndGlobalSection
	GlobalSection(ProjectConfigurationPlatforms) = postSolution
		{5691EE6C-51F4-47DA-9D9B-FBB053A28F63}.Debug|Any CPU.ActiveCfg = Debug|Any CPU
		{5691EE6C-51F4-47DA-9D9B-FBB053A28F63}.Debug|Any CPU.Build.0 = Debug|Any CPU
		{5691EE6C-51F4-47DA-9D9B-FBB053A28F63}.Release|Any CPU.ActiveCfg = Release|Any CPU
		{5691EE6C-51F4-47DA-9D9B-FBB053A28F63}.Release|Any CPU.Build.0 = Release|Any CPU
		{EAD5B4B7-B3FD-4863-94E0-5AFD16A96583}.Debug|Any CPU.ActiveCfg = Debug|Any CPU
		{EAD5B4B7-B3FD-4863-94E0-5AFD16A96583}.Debug|Any CPU.Build.0 = Debug|Any CPU
		{EAD5B4B7-B3FD-4863-94E0-5AFD16A96583}.Release|Any CPU.ActiveCfg = Release|Any CPU
		{EAD5B4B7-B3FD-4863-94E0-5AFD16A96583}.Release|Any CPU.Build.0 = Release|Any CPU
	EndGlobalSection
	GlobalSection(SolutionProperties) = preSolution
		HideSolutionNode = FALSE
	EndGlobalSection
EndGlobal
